// !$*UTF8*$!
{
	archiveVersion = 1;
	classes = {
	};
	objectVersion = 48;
	objects = {

/* Begin PBXFileReference section */
		11C9871420368E3700F0560E /* AppDelegate.swift */ = {isa = PBXFileReference; lastKnownFileType = sourcecode.swift; path = AppDelegate.swift; sourceTree = "<group>"; };
		11C9871520368EAC00F0560E /* ViewController.swift */ = {isa = PBXFileReference; lastKnownFileType = sourcecode.swift; path = ViewController.swift; sourceTree = "<group>"; };
/* End PBXFileReference section */

/* Begin PBXGroup section */
		11C9870A20368D2100F0560E = {
			isa = PBXGroup;
			children = (
				11C987182036903100F0560E /* FoodTrackerTests */,
				11C987172036902D00F0560E /* Products */,
				11C9871120368DFE00F0560E /* FoodTracker */,
			);
			sourceTree = "<group>";
		};
		11C9871120368DFE00F0560E /* FoodTracker */ = {
			isa = PBXGroup;
			children = (
				11C9871420368E3700F0560E /* AppDelegate.swift */,
				11C9871520368EAC00F0560E /* ViewController.swift */,
			);
			path = FoodTracker;
			sourceTree = "<group>";
		};
		11C987172036902D00F0560E /* Products */ = {
			isa = PBXGroup;
			children = (
			);
			path = Products;
			sourceTree = "<group>";
		};
		11C987182036903100F0560E /* FoodTrackerTests */ = {
			isa = PBXGroup;
			children = (
			);
			path = FoodTrackerTests;
			sourceTree = "<group>";
		};
/* End PBXGroup section */

/* Begin PBXProject section */
		11C9870B20368D2100F0560E /* Project object */ = {
			isa = PBXProject;
			attributes = {
				LastUpgradeCheck = 0920;
			};
			buildConfigurationList = 11C9870E20368D2100F0560E /* Build configuration list for PBXProject "FoodTracker" */;
			compatibilityVersion = "Xcode 8.0";
			developmentRegion = en;
			hasScannedForEncodings = 0;
			knownRegions = (
				en,
			);
			mainGroup = 11C9870A20368D2100F0560E;
			projectDirPath = "";
			projectRoot = "";
			targets = (
			);
		};
/* End PBXProject section */

/* Begin XCBuildConfiguration section */
		11C9870F20368D2100F0560E /* Debug */ = {
			isa = XCBuildConfiguration;
			buildSettings = {
			};
			name = Debug;
		};
		11C9871020368D2100F0560E /* Release */ = {
			isa = XCBuildConfiguration;
			buildSettings = {
			};
			name = Release;
		};
/* End XCBuildConfiguration section */

/* Begin XCConfigurationList section */
		11C9870E20368D2100F0560E /* Build configuration list for PBXProject "FoodTracker" */ = {
			isa = XCConfigurationList;
			buildConfigurations = (
				11C9870F20368D2100F0560E /* Debug */,
				11C9871020368D2100F0560E /* Release */,
			);
			defaultConfigurationIsVisible = 0;
			defaultConfigurationName = Release;
		};
/* End XCConfigurationList section */
	};
	rootObject = 11C9870B20368D2100F0560E /* Project object */;
}
